// !$*UTF8*$!
{
	archiveVersion = 1;
	classes = {
	};
	objectVersion = 52;
	objects = {

/* Begin PBXBuildFile section */
		270EE50025E00AEC00ADD5AB /* MockProtocol+Promise.swift in Sources */ = {isa = PBXBuildFile; fileRef = 270EE4FF25E00AEC00ADD5AB /* MockProtocol+Promise.swift */; };
		279F92D424B8B33E00349413 /* NetworkKit.h in Headers */ = {isa = PBXBuildFile; fileRef = 279F92D224B8B33E00349413 /* NetworkKit.h */; settings = {ATTRIBUTES = (Public, ); }; };
		279F92EA24B8B36E00349413 /* RequestManager.swift in Sources */ = {isa = PBXBuildFile; fileRef = 279F92DB24B8B36E00349413 /* RequestManager.swift */; };
		279F92EB24B8B36E00349413 /* RequestManager+Download.swift in Sources */ = {isa = PBXBuildFile; fileRef = 279F92DC24B8B36E00349413 /* RequestManager+Download.swift */; };
		279F92EC24B8B36E00349413 /* RequestManager+Request.swift in Sources */ = {isa = PBXBuildFile; fileRef = 279F92DD24B8B36E00349413 /* RequestManager+Request.swift */; };
		279F92ED24B8B36E00349413 /* Encoding.swift in Sources */ = {isa = PBXBuildFile; fileRef = 279F92DF24B8B36E00349413 /* Encoding.swift */; };
		279F92EE24B8B36E00349413 /* RequestMethod.swift in Sources */ = {isa = PBXBuildFile; fileRef = 279F92E024B8B36E00349413 /* RequestMethod.swift */; };
		279F92EF24B8B36E00349413 /* RequestError.swift in Sources */ = {isa = PBXBuildFile; fileRef = 279F92E124B8B36E00349413 /* RequestError.swift */; };
		279F92F024B8B36E00349413 /* RequestProtocol.swift in Sources */ = {isa = PBXBuildFile; fileRef = 279F92E324B8B36E00349413 /* RequestProtocol.swift */; };
		279F92F124B8B36E00349413 /* AuthentificationProtocol.swift in Sources */ = {isa = PBXBuildFile; fileRef = 279F92E524B8B36E00349413 /* AuthentificationProtocol.swift */; };
		279F92F224B8B36E00349413 /* NetworkCache.swift in Sources */ = {isa = PBXBuildFile; fileRef = 279F92E724B8B36E00349413 /* NetworkCache.swift */; };
		279F92FE24B8B7FF00349413 /* RequestProtocol+Promise.swift in Sources */ = {isa = PBXBuildFile; fileRef = 279F92FD24B8B7FF00349413 /* RequestProtocol+Promise.swift */; };
		27C460EE25B04F4700C2E4DC /* ResponseError.swift in Sources */ = {isa = PBXBuildFile; fileRef = 27C460ED25B04F4700C2E4DC /* ResponseError.swift */; };
		27D762DC25B884C100A9A66D /* URLRequest+FormData.swift in Sources */ = {isa = PBXBuildFile; fileRef = 27D762DA25B884C100A9A66D /* URLRequest+FormData.swift */; };
		27D762DD25B884C100A9A66D /* URL+RequestHelper.swift in Sources */ = {isa = PBXBuildFile; fileRef = 27D762DB25B884C100A9A66D /* URL+RequestHelper.swift */; };
		27F5853425B9C34000F50017 /* NetworkLogType.swift in Sources */ = {isa = PBXBuildFile; fileRef = 27F5853325B9C34000F50017 /* NetworkLogType.swift */; };
		27F5854925B9CCA400F50017 /* MockProtocol.swift in Sources */ = {isa = PBXBuildFile; fileRef = 27F5854825B9CCA400F50017 /* MockProtocol.swift */; };
		4CB32F282722E844003C62C2 /* RequestProtocol+Response.swift in Sources */ = {isa = PBXBuildFile; fileRef = 4CB32F272722E844003C62C2 /* RequestProtocol+Response.swift */; };
		4CB32F2A2722E883003C62C2 /* RequestProtocol+ResponseCompletion.swift in Sources */ = {isa = PBXBuildFile; fileRef = 4CB32F292722E883003C62C2 /* RequestProtocol+ResponseCompletion.swift */; };
		4CB32F2C2722E8E0003C62C2 /* RequestProtocol+ResponseAsync.swift in Sources */ = {isa = PBXBuildFile; fileRef = 4CB32F2B2722E8E0003C62C2 /* RequestProtocol+ResponseAsync.swift */; };
		4CBA87FB25E52E0B00D60B74 /* UtilsKit in Frameworks */ = {isa = PBXBuildFile; productRef = 4CBA87FA25E52E0B00D60B74 /* UtilsKit */; };
		4CBA87FC25E52E0B00D60B74 /* UtilsKit in Embed Frameworks */ = {isa = PBXBuildFile; productRef = 4CBA87FA25E52E0B00D60B74 /* UtilsKit */; settings = {ATTRIBUTES = (CodeSignOnCopy, ); }; };
		4CBA880025E52E3C00D60B74 /* PromiseKit in Frameworks */ = {isa = PBXBuildFile; productRef = 4CBA87FF25E52E3C00D60B74 /* PromiseKit */; };
		4CBD6B132679102A0013294E /* AuthentificationRefreshableProtocol.swift in Sources */ = {isa = PBXBuildFile; fileRef = 4CBD6B122679102A0013294E /* AuthentificationRefreshableProtocol.swift */; };
/* End PBXBuildFile section */

/* Begin PBXCopyFilesBuildPhase section */
		4CBA87FD25E52E0B00D60B74 /* Embed Frameworks */ = {
			isa = PBXCopyFilesBuildPhase;
			buildActionMask = 2147483647;
			dstPath = "";
			dstSubfolderSpec = 10;
			files = (
				4CBA87FC25E52E0B00D60B74 /* UtilsKit in Embed Frameworks */,
			);
			name = "Embed Frameworks";
			runOnlyForDeploymentPostprocessing = 0;
		};
/* End PBXCopyFilesBuildPhase section */

/* Begin PBXFileReference section */
		270EE4FF25E00AEC00ADD5AB /* MockProtocol+Promise.swift */ = {isa = PBXFileReference; fileEncoding = 4; lastKnownFileType = sourcecode.swift; path = "MockProtocol+Promise.swift"; sourceTree = "<group>"; };
		279F92CF24B8B33E00349413 /* NetworkUtilsKit.framework */ = {isa = PBXFileReference; explicitFileType = wrapper.framework; includeInIndex = 0; path = NetworkUtilsKit.framework; sourceTree = BUILT_PRODUCTS_DIR; };
		279F92D224B8B33E00349413 /* NetworkKit.h */ = {isa = PBXFileReference; lastKnownFileType = sourcecode.c.h; path = NetworkKit.h; sourceTree = "<group>"; };
		279F92D324B8B33E00349413 /* Info.plist */ = {isa = PBXFileReference; lastKnownFileType = text.plist.xml; path = Info.plist; sourceTree = "<group>"; };
		279F92DB24B8B36E00349413 /* RequestManager.swift */ = {isa = PBXFileReference; fileEncoding = 4; lastKnownFileType = sourcecode.swift; path = RequestManager.swift; sourceTree = "<group>"; };
		279F92DC24B8B36E00349413 /* RequestManager+Download.swift */ = {isa = PBXFileReference; fileEncoding = 4; lastKnownFileType = sourcecode.swift; path = "RequestManager+Download.swift"; sourceTree = "<group>"; };
		279F92DD24B8B36E00349413 /* RequestManager+Request.swift */ = {isa = PBXFileReference; fileEncoding = 4; lastKnownFileType = sourcecode.swift; path = "RequestManager+Request.swift"; sourceTree = "<group>"; };
		279F92DF24B8B36E00349413 /* Encoding.swift */ = {isa = PBXFileReference; fileEncoding = 4; lastKnownFileType = sourcecode.swift; path = Encoding.swift; sourceTree = "<group>"; };
		279F92E024B8B36E00349413 /* RequestMethod.swift */ = {isa = PBXFileReference; fileEncoding = 4; lastKnownFileType = sourcecode.swift; path = RequestMethod.swift; sourceTree = "<group>"; };
		279F92E124B8B36E00349413 /* RequestError.swift */ = {isa = PBXFileReference; fileEncoding = 4; lastKnownFileType = sourcecode.swift; path = RequestError.swift; sourceTree = "<group>"; };
		279F92E324B8B36E00349413 /* RequestProtocol.swift */ = {isa = PBXFileReference; fileEncoding = 4; lastKnownFileType = sourcecode.swift; path = RequestProtocol.swift; sourceTree = "<group>"; };
		279F92E524B8B36E00349413 /* AuthentificationProtocol.swift */ = {isa = PBXFileReference; fileEncoding = 4; lastKnownFileType = sourcecode.swift; path = AuthentificationProtocol.swift; sourceTree = "<group>"; };
		279F92E724B8B36E00349413 /* NetworkCache.swift */ = {isa = PBXFileReference; fileEncoding = 4; lastKnownFileType = sourcecode.swift; path = NetworkCache.swift; sourceTree = "<group>"; };
		279F92FD24B8B7FF00349413 /* RequestProtocol+Promise.swift */ = {isa = PBXFileReference; lastKnownFileType = sourcecode.swift; path = "RequestProtocol+Promise.swift"; sourceTree = "<group>"; };
		27C460ED25B04F4700C2E4DC /* ResponseError.swift */ = {isa = PBXFileReference; lastKnownFileType = sourcecode.swift; path = ResponseError.swift; sourceTree = "<group>"; };
		27D762DA25B884C100A9A66D /* URLRequest+FormData.swift */ = {isa = PBXFileReference; fileEncoding = 4; lastKnownFileType = sourcecode.swift; path = "URLRequest+FormData.swift"; sourceTree = "<group>"; };
		27D762DB25B884C100A9A66D /* URL+RequestHelper.swift */ = {isa = PBXFileReference; fileEncoding = 4; lastKnownFileType = sourcecode.swift; path = "URL+RequestHelper.swift"; sourceTree = "<group>"; };
		27F5853325B9C34000F50017 /* NetworkLogType.swift */ = {isa = PBXFileReference; lastKnownFileType = sourcecode.swift; path = NetworkLogType.swift; sourceTree = "<group>"; };
		27F5854825B9CCA400F50017 /* MockProtocol.swift */ = {isa = PBXFileReference; lastKnownFileType = sourcecode.swift; path = MockProtocol.swift; sourceTree = "<group>"; };
		4CB32F272722E844003C62C2 /* RequestProtocol+Response.swift */ = {isa = PBXFileReference; lastKnownFileType = sourcecode.swift; path = "RequestProtocol+Response.swift"; sourceTree = "<group>"; };
		4CB32F292722E883003C62C2 /* RequestProtocol+ResponseCompletion.swift */ = {isa = PBXFileReference; lastKnownFileType = sourcecode.swift; path = "RequestProtocol+ResponseCompletion.swift"; sourceTree = "<group>"; };
		4CB32F2B2722E8E0003C62C2 /* RequestProtocol+ResponseAsync.swift */ = {isa = PBXFileReference; lastKnownFileType = sourcecode.swift; path = "RequestProtocol+ResponseAsync.swift"; sourceTree = "<group>"; };
		4CBD6B122679102A0013294E /* AuthentificationRefreshableProtocol.swift */ = {isa = PBXFileReference; lastKnownFileType = sourcecode.swift; path = AuthentificationRefreshableProtocol.swift; sourceTree = "<group>"; };
/* End PBXFileReference section */

/* Begin PBXFrameworksBuildPhase section */
		279F92CC24B8B33E00349413 /* Frameworks */ = {
			isa = PBXFrameworksBuildPhase;
			buildActionMask = 2147483647;
			files = (
				4CBA87FB25E52E0B00D60B74 /* UtilsKit in Frameworks */,
				4CBA880025E52E3C00D60B74 /* PromiseKit in Frameworks */,
			);
			runOnlyForDeploymentPostprocessing = 0;
		};
/* End PBXFrameworksBuildPhase section */

/* Begin PBXGroup section */
		270EE4FE25E00ADE00ADD5AB /* Mock */ = {
			isa = PBXGroup;
			children = (
				270EE4FF25E00AEC00ADD5AB /* MockProtocol+Promise.swift */,
			);
			path = Mock;
			sourceTree = "<group>";
		};
		279F92C524B8B33E00349413 = {
			isa = PBXGroup;
			children = (
				279F92D124B8B33E00349413 /* NetworkUtilsKit */,
				279F92D024B8B33E00349413 /* Products */,
			);
			sourceTree = "<group>";
		};
		279F92D024B8B33E00349413 /* Products */ = {
			isa = PBXGroup;
			children = (
				279F92CF24B8B33E00349413 /* NetworkUtilsKit.framework */,
			);
			name = Products;
			sourceTree = "<group>";
		};
		279F92D124B8B33E00349413 /* NetworkUtilsKit */ = {
			isa = PBXGroup;
			children = (
				EE52C5DB24C088F8005D5951 /* Core */,
				EE52C5DC24C088F8005D5951 /* Promise */,
				279F92D224B8B33E00349413 /* NetworkKit.h */,
				279F92D324B8B33E00349413 /* Info.plist */,
			);
			path = NetworkUtilsKit;
			sourceTree = "<group>";
		};
		279F92DA24B8B36E00349413 /* Request Manager */ = {
			isa = PBXGroup;
			children = (
				279F92DE24B8B36E00349413 /* Utils */,
				279F92DB24B8B36E00349413 /* RequestManager.swift */,
				279F92DC24B8B36E00349413 /* RequestManager+Download.swift */,
				279F92DD24B8B36E00349413 /* RequestManager+Request.swift */,
			);
			path = "Request Manager";
			sourceTree = "<group>";
		};
		279F92DE24B8B36E00349413 /* Utils */ = {
			isa = PBXGroup;
			children = (
				27D762DB25B884C100A9A66D /* URL+RequestHelper.swift */,
				27D762DA25B884C100A9A66D /* URLRequest+FormData.swift */,
				279F92DF24B8B36E00349413 /* Encoding.swift */,
				279F92E024B8B36E00349413 /* RequestMethod.swift */,
				279F92E124B8B36E00349413 /* RequestError.swift */,
				27F5853325B9C34000F50017 /* NetworkLogType.swift */,
			);
			path = Utils;
			sourceTree = "<group>";
		};
		279F92E224B8B36E00349413 /* Request */ = {
			isa = PBXGroup;
			children = (
				279F92E324B8B36E00349413 /* RequestProtocol.swift */,
				27F5854825B9CCA400F50017 /* MockProtocol.swift */,
				4CB32F272722E844003C62C2 /* RequestProtocol+Response.swift */,
				4CB32F292722E883003C62C2 /* RequestProtocol+ResponseCompletion.swift */,
				4CB32F2B2722E8E0003C62C2 /* RequestProtocol+ResponseAsync.swift */,
			);
			path = Request;
			sourceTree = "<group>";
		};
		279F92E424B8B36E00349413 /* Authentification */ = {
			isa = PBXGroup;
			children = (
				279F92E524B8B36E00349413 /* AuthentificationProtocol.swift */,
				4CBD6B122679102A0013294E /* AuthentificationRefreshableProtocol.swift */,
			);
			path = Authentification;
			sourceTree = "<group>";
		};
		279F92E624B8B36E00349413 /* Cache */ = {
			isa = PBXGroup;
			children = (
				279F92E724B8B36E00349413 /* NetworkCache.swift */,
			);
			path = Cache;
			sourceTree = "<group>";
		};
		27C460EC25B04F3700C2E4DC /* Error */ = {
			isa = PBXGroup;
			children = (
				27C460ED25B04F4700C2E4DC /* ResponseError.swift */,
			);
			path = Error;
			sourceTree = "<group>";
		};
		EE52C5DB24C088F8005D5951 /* Core */ = {
			isa = PBXGroup;
			children = (
				279F92E424B8B36E00349413 /* Authentification */,
				279F92E624B8B36E00349413 /* Cache */,
				279F92E224B8B36E00349413 /* Request */,
				27C460EC25B04F3700C2E4DC /* Error */,
				279F92DA24B8B36E00349413 /* Request Manager */,
			);
			path = Core;
			sourceTree = "<group>";
		};
		EE52C5DC24C088F8005D5951 /* Promise */ = {
			isa = PBXGroup;
			children = (
				EE52C5DD24C08926005D5951 /* Request */,
				270EE4FE25E00ADE00ADD5AB /* Mock */,
			);
			path = Promise;
			sourceTree = "<group>";
		};
		EE52C5DD24C08926005D5951 /* Request */ = {
			isa = PBXGroup;
			children = (
				279F92FD24B8B7FF00349413 /* RequestProtocol+Promise.swift */,
			);
			path = Request;
			sourceTree = "<group>";
		};
/* End PBXGroup section */

/* Begin PBXHeadersBuildPhase section */
		279F92CA24B8B33E00349413 /* Headers */ = {
			isa = PBXHeadersBuildPhase;
			buildActionMask = 2147483647;
			files = (
				279F92D424B8B33E00349413 /* NetworkKit.h in Headers */,
			);
			runOnlyForDeploymentPostprocessing = 0;
		};
/* End PBXHeadersBuildPhase section */

/* Begin PBXNativeTarget section */
		279F92CE24B8B33E00349413 /* NetworkUtilsKit */ = {
			isa = PBXNativeTarget;
			buildConfigurationList = 279F92D724B8B33E00349413 /* Build configuration list for PBXNativeTarget "NetworkUtilsKit" */;
			buildPhases = (
				279F92CA24B8B33E00349413 /* Headers */,
				279F92CB24B8B33E00349413 /* Sources */,
				279F92CC24B8B33E00349413 /* Frameworks */,
				279F92CD24B8B33E00349413 /* Resources */,
				279F934824B8BBCE00349413 /* SwiftLint */,
				4CBA87FD25E52E0B00D60B74 /* Embed Frameworks */,
			);
			buildRules = (
			);
			dependencies = (
			);
			name = NetworkUtilsKit;
			packageProductDependencies = (
				4CBA87FA25E52E0B00D60B74 /* UtilsKit */,
				4CBA87FF25E52E3C00D60B74 /* PromiseKit */,
			);
			productName = NetworkKit;
			productReference = 279F92CF24B8B33E00349413 /* NetworkUtilsKit.framework */;
			productType = "com.apple.product-type.framework";
		};
/* End PBXNativeTarget section */

/* Begin PBXProject section */
		279F92C624B8B33E00349413 /* Project object */ = {
			isa = PBXProject;
			attributes = {
				LastUpgradeCheck = 1300;
				ORGANIZATIONNAME = RGMC;
				TargetAttributes = {
					279F92CE24B8B33E00349413 = {
						CreatedOnToolsVersion = 11.5;
					};
				};
			};
			buildConfigurationList = 279F92C924B8B33E00349413 /* Build configuration list for PBXProject "NetworkUtilsKit" */;
			compatibilityVersion = "Xcode 9.3";
			developmentRegion = en;
			hasScannedForEncodings = 0;
			knownRegions = (
				en,
				Base,
			);
			mainGroup = 279F92C524B8B33E00349413;
			packageReferences = (
				4CBA87F925E52E0B00D60B74 /* XCRemoteSwiftPackageReference "UtilsKit" */,
				4CBA87FE25E52E3C00D60B74 /* XCRemoteSwiftPackageReference "PromiseKit" */,
			);
			productRefGroup = 279F92D024B8B33E00349413 /* Products */;
			projectDirPath = "";
			projectRoot = "";
			targets = (
				279F92CE24B8B33E00349413 /* NetworkUtilsKit */,
			);
		};
/* End PBXProject section */

/* Begin PBXResourcesBuildPhase section */
		279F92CD24B8B33E00349413 /* Resources */ = {
			isa = PBXResourcesBuildPhase;
			buildActionMask = 2147483647;
			files = (
			);
			runOnlyForDeploymentPostprocessing = 0;
		};
/* End PBXResourcesBuildPhase section */

/* Begin PBXShellScriptBuildPhase section */
		279F934824B8BBCE00349413 /* SwiftLint */ = {
			isa = PBXShellScriptBuildPhase;
			buildActionMask = 2147483647;
			files = (
			);
			inputFileListPaths = (
			);
			inputPaths = (
			);
			name = SwiftLint;
			outputFileListPaths = (
			);
			outputPaths = (
			);
			runOnlyForDeploymentPostprocessing = 0;
			shellPath = /bin/sh;
			shellScript = "if which swiftlint >/dev/null; then\n  swiftlint\nelse\n  echo \"SwiftLint not installed\"\nfi\n";
		};
/* End PBXShellScriptBuildPhase section */

/* Begin PBXSourcesBuildPhase section */
		279F92CB24B8B33E00349413 /* Sources */ = {
			isa = PBXSourcesBuildPhase;
			buildActionMask = 2147483647;
			files = (
				279F92ED24B8B36E00349413 /* Encoding.swift in Sources */,
				27D762DC25B884C100A9A66D /* URLRequest+FormData.swift in Sources */,
				4CB32F2A2722E883003C62C2 /* RequestProtocol+ResponseCompletion.swift in Sources */,
				279F92EA24B8B36E00349413 /* RequestManager.swift in Sources */,
				4CBD6B132679102A0013294E /* AuthentificationRefreshableProtocol.swift in Sources */,
				279F92F124B8B36E00349413 /* AuthentificationProtocol.swift in Sources */,
				279F92F224B8B36E00349413 /* NetworkCache.swift in Sources */,
				279F92EF24B8B36E00349413 /* RequestError.swift in Sources */,
				279F92FE24B8B7FF00349413 /* RequestProtocol+Promise.swift in Sources */,
				4CB32F2C2722E8E0003C62C2 /* RequestProtocol+ResponseAsync.swift in Sources */,
				27C460EE25B04F4700C2E4DC /* ResponseError.swift in Sources */,
				27F5854925B9CCA400F50017 /* MockProtocol.swift in Sources */,
				27F5853425B9C34000F50017 /* NetworkLogType.swift in Sources */,
				279F92EC24B8B36E00349413 /* RequestManager+Request.swift in Sources */,
				270EE50025E00AEC00ADD5AB /* MockProtocol+Promise.swift in Sources */,
				279F92EE24B8B36E00349413 /* RequestMethod.swift in Sources */,
				4CB32F282722E844003C62C2 /* RequestProtocol+Response.swift in Sources */,
				279F92EB24B8B36E00349413 /* RequestManager+Download.swift in Sources */,
				279F92F024B8B36E00349413 /* RequestProtocol.swift in Sources */,
				27D762DD25B884C100A9A66D /* URL+RequestHelper.swift in Sources */,
			);
			runOnlyForDeploymentPostprocessing = 0;
		};
/* End PBXSourcesBuildPhase section */

/* Begin XCBuildConfiguration section */
		279F92D524B8B33E00349413 /* Debug */ = {
			isa = XCBuildConfiguration;
			buildSettings = {
				ALWAYS_SEARCH_USER_PATHS = NO;
				CLANG_ANALYZER_NONNULL = YES;
				CLANG_ANALYZER_NUMBER_OBJECT_CONVERSION = YES_AGGRESSIVE;
				CLANG_CXX_LANGUAGE_STANDARD = "gnu++14";
				CLANG_CXX_LIBRARY = "libc++";
				CLANG_ENABLE_MODULES = YES;
				CLANG_ENABLE_OBJC_ARC = YES;
				CLANG_ENABLE_OBJC_WEAK = YES;
				CLANG_WARN_BLOCK_CAPTURE_AUTORELEASING = YES;
				CLANG_WARN_BOOL_CONVERSION = YES;
				CLANG_WARN_COMMA = YES;
				CLANG_WARN_CONSTANT_CONVERSION = YES;
				CLANG_WARN_DEPRECATED_OBJC_IMPLEMENTATIONS = YES;
				CLANG_WARN_DIRECT_OBJC_ISA_USAGE = YES_ERROR;
				CLANG_WARN_DOCUMENTATION_COMMENTS = YES;
				CLANG_WARN_EMPTY_BODY = YES;
				CLANG_WARN_ENUM_CONVERSION = YES;
				CLANG_WARN_INFINITE_RECURSION = YES;
				CLANG_WARN_INT_CONVERSION = YES;
				CLANG_WARN_NON_LITERAL_NULL_CONVERSION = YES;
				CLANG_WARN_OBJC_IMPLICIT_RETAIN_SELF = YES;
				CLANG_WARN_OBJC_LITERAL_CONVERSION = YES;
				CLANG_WARN_OBJC_ROOT_CLASS = YES_ERROR;
				CLANG_WARN_QUOTED_INCLUDE_IN_FRAMEWORK_HEADER = YES;
				CLANG_WARN_RANGE_LOOP_ANALYSIS = YES;
				CLANG_WARN_STRICT_PROTOTYPES = YES;
				CLANG_WARN_SUSPICIOUS_MOVE = YES;
				CLANG_WARN_UNGUARDED_AVAILABILITY = YES_AGGRESSIVE;
				CLANG_WARN_UNREACHABLE_CODE = YES;
				CLANG_WARN__DUPLICATE_METHOD_MATCH = YES;
				COPY_PHASE_STRIP = NO;
				CURRENT_PROJECT_VERSION = 1;
				DEBUG_INFORMATION_FORMAT = dwarf;
				ENABLE_STRICT_OBJC_MSGSEND = YES;
				ENABLE_TESTABILITY = YES;
				GCC_C_LANGUAGE_STANDARD = gnu11;
				GCC_DYNAMIC_NO_PIC = NO;
				GCC_NO_COMMON_BLOCKS = YES;
				GCC_OPTIMIZATION_LEVEL = 0;
				GCC_PREPROCESSOR_DEFINITIONS = (
					"DEBUG=1",
					"$(inherited)",
				);
				GCC_WARN_64_TO_32_BIT_CONVERSION = YES;
				GCC_WARN_ABOUT_RETURN_TYPE = YES_ERROR;
				GCC_WARN_UNDECLARED_SELECTOR = YES;
				GCC_WARN_UNINITIALIZED_AUTOS = YES_AGGRESSIVE;
				GCC_WARN_UNUSED_FUNCTION = YES;
				GCC_WARN_UNUSED_VARIABLE = YES;
				IPHONEOS_DEPLOYMENT_TARGET = 15.0;
				MTL_ENABLE_DEBUG_INFO = INCLUDE_SOURCE;
				MTL_FAST_MATH = YES;
				ONLY_ACTIVE_ARCH = YES;
				SDKROOT = iphoneos;
				SWIFT_ACTIVE_COMPILATION_CONDITIONS = DEBUG;
				SWIFT_OPTIMIZATION_LEVEL = "-Onone";
				VERSIONING_SYSTEM = "apple-generic";
				VERSION_INFO_PREFIX = "";
			};
			name = Debug;
		};
		279F92D624B8B33E00349413 /* Release */ = {
			isa = XCBuildConfiguration;
			buildSettings = {
				ALWAYS_SEARCH_USER_PATHS = NO;
				CLANG_ANALYZER_NONNULL = YES;
				CLANG_ANALYZER_NUMBER_OBJECT_CONVERSION = YES_AGGRESSIVE;
				CLANG_CXX_LANGUAGE_STANDARD = "gnu++14";
				CLANG_CXX_LIBRARY = "libc++";
				CLANG_ENABLE_MODULES = YES;
				CLANG_ENABLE_OBJC_ARC = YES;
				CLANG_ENABLE_OBJC_WEAK = YES;
				CLANG_WARN_BLOCK_CAPTURE_AUTORELEASING = YES;
				CLANG_WARN_BOOL_CONVERSION = YES;
				CLANG_WARN_COMMA = YES;
				CLANG_WARN_CONSTANT_CONVERSION = YES;
				CLANG_WARN_DEPRECATED_OBJC_IMPLEMENTATIONS = YES;
				CLANG_WARN_DIRECT_OBJC_ISA_USAGE = YES_ERROR;
				CLANG_WARN_DOCUMENTATION_COMMENTS = YES;
				CLANG_WARN_EMPTY_BODY = YES;
				CLANG_WARN_ENUM_CONVERSION = YES;
				CLANG_WARN_INFINITE_RECURSION = YES;
				CLANG_WARN_INT_CONVERSION = YES;
				CLANG_WARN_NON_LITERAL_NULL_CONVERSION = YES;
				CLANG_WARN_OBJC_IMPLICIT_RETAIN_SELF = YES;
				CLANG_WARN_OBJC_LITERAL_CONVERSION = YES;
				CLANG_WARN_OBJC_ROOT_CLASS = YES_ERROR;
				CLANG_WARN_QUOTED_INCLUDE_IN_FRAMEWORK_HEADER = YES;
				CLANG_WARN_RANGE_LOOP_ANALYSIS = YES;
				CLANG_WARN_STRICT_PROTOTYPES = YES;
				CLANG_WARN_SUSPICIOUS_MOVE = YES;
				CLANG_WARN_UNGUARDED_AVAILABILITY = YES_AGGRESSIVE;
				CLANG_WARN_UNREACHABLE_CODE = YES;
				CLANG_WARN__DUPLICATE_METHOD_MATCH = YES;
				COPY_PHASE_STRIP = NO;
				CURRENT_PROJECT_VERSION = 1;
				DEBUG_INFORMATION_FORMAT = "dwarf-with-dsym";
				ENABLE_NS_ASSERTIONS = NO;
				ENABLE_STRICT_OBJC_MSGSEND = YES;
				GCC_C_LANGUAGE_STANDARD = gnu11;
				GCC_NO_COMMON_BLOCKS = YES;
				GCC_WARN_64_TO_32_BIT_CONVERSION = YES;
				GCC_WARN_ABOUT_RETURN_TYPE = YES_ERROR;
				GCC_WARN_UNDECLARED_SELECTOR = YES;
				GCC_WARN_UNINITIALIZED_AUTOS = YES_AGGRESSIVE;
				GCC_WARN_UNUSED_FUNCTION = YES;
				GCC_WARN_UNUSED_VARIABLE = YES;
				IPHONEOS_DEPLOYMENT_TARGET = 15.0;
				MTL_ENABLE_DEBUG_INFO = NO;
				MTL_FAST_MATH = YES;
				SDKROOT = iphoneos;
				SWIFT_COMPILATION_MODE = wholemodule;
				SWIFT_OPTIMIZATION_LEVEL = "-O";
				VALIDATE_PRODUCT = YES;
				VERSIONING_SYSTEM = "apple-generic";
				VERSION_INFO_PREFIX = "";
			};
			name = Release;
		};
		279F92D824B8B33E00349413 /* Debug */ = {
			isa = XCBuildConfiguration;
			buildSettings = {
				CODE_SIGN_STYLE = Automatic;
				DEFINES_MODULE = YES;
				DYLIB_COMPATIBILITY_VERSION = 1;
				DYLIB_CURRENT_VERSION = 1;
				DYLIB_INSTALL_NAME_BASE = "@rpath";
				INFOPLIST_FILE = NetworkUtilsKit/Info.plist;
				INSTALL_PATH = "$(LOCAL_LIBRARY_DIR)/Frameworks";
				IPHONEOS_DEPLOYMENT_TARGET = 12.0;
				"IPHONEOS_DEPLOYMENT_TARGET[sdk=macosx*]" = 13.1;
				LD_RUNPATH_SEARCH_PATHS = (
					"$(inherited)",
					"@executable_path/Frameworks",
					"@loader_path/Frameworks",
				);
				PRODUCT_BUNDLE_IDENTIFIER = com.RGMC.NetworkUtilsKit;
				PRODUCT_NAME = "$(TARGET_NAME:c99extidentifier)";
				SKIP_INSTALL = YES;
				SWIFT_VERSION = 5.0;
				TARGETED_DEVICE_FAMILY = "1,2";
			};
			name = Debug;
		};
		279F92D924B8B33E00349413 /* Release */ = {
			isa = XCBuildConfiguration;
			buildSettings = {
				CODE_SIGN_STYLE = Automatic;
				DEFINES_MODULE = YES;
				DYLIB_COMPATIBILITY_VERSION = 1;
				DYLIB_CURRENT_VERSION = 1;
				DYLIB_INSTALL_NAME_BASE = "@rpath";
				INFOPLIST_FILE = NetworkUtilsKit/Info.plist;
				INSTALL_PATH = "$(LOCAL_LIBRARY_DIR)/Frameworks";
				IPHONEOS_DEPLOYMENT_TARGET = 12.0;
				"IPHONEOS_DEPLOYMENT_TARGET[sdk=macosx*]" = 13.1;
				LD_RUNPATH_SEARCH_PATHS = (
					"$(inherited)",
					"@executable_path/Frameworks",
					"@loader_path/Frameworks",
				);
				PRODUCT_BUNDLE_IDENTIFIER = com.RGMC.NetworkUtilsKit;
				PRODUCT_NAME = "$(TARGET_NAME:c99extidentifier)";
				SKIP_INSTALL = YES;
				SWIFT_VERSION = 5.0;
				TARGETED_DEVICE_FAMILY = "1,2";
			};
			name = Release;
		};
/* End XCBuildConfiguration section */

/* Begin XCConfigurationList section */
		279F92C924B8B33E00349413 /* Build configuration list for PBXProject "NetworkUtilsKit" */ = {
			isa = XCConfigurationList;
			buildConfigurations = (
				279F92D524B8B33E00349413 /* Debug */,
				279F92D624B8B33E00349413 /* Release */,
			);
			defaultConfigurationIsVisible = 0;
			defaultConfigurationName = Release;
		};
		279F92D724B8B33E00349413 /* Build configuration list for PBXNativeTarget "NetworkUtilsKit" */ = {
			isa = XCConfigurationList;
			buildConfigurations = (
				279F92D824B8B33E00349413 /* Debug */,
				279F92D924B8B33E00349413 /* Release */,
			);
			defaultConfigurationIsVisible = 0;
			defaultConfigurationName = Release;
		};
/* End XCConfigurationList section */

/* Begin XCRemoteSwiftPackageReference section */
		4CBA87F925E52E0B00D60B74 /* XCRemoteSwiftPackageReference "UtilsKit" */ = {
			isa = XCRemoteSwiftPackageReference;
			repositoryURL = "https://github.com/rgmc95/UtilsKit.git";
			requirement = {
				kind = upToNextMajorVersion;
				minimumVersion = 2.3.0;
			};
		};
		4CBA87FE25E52E3C00D60B74 /* XCRemoteSwiftPackageReference "PromiseKit" */ = {
			isa = XCRemoteSwiftPackageReference;
			repositoryURL = "https://github.com/mxcl/PromiseKit.git";
			requirement = {
				kind = upToNextMajorVersion;
				minimumVersion = 6.13.3;
			};
		};
/* End XCRemoteSwiftPackageReference section */

/* Begin XCSwiftPackageProductDependency section */
		4CBA87FA25E52E0B00D60B74 /* UtilsKit */ = {
			isa = XCSwiftPackageProductDependency;
			package = 4CBA87F925E52E0B00D60B74 /* XCRemoteSwiftPackageReference "UtilsKit" */;
			productName = UtilsKit;
		};
		4CBA87FF25E52E3C00D60B74 /* PromiseKit */ = {
			isa = XCSwiftPackageProductDependency;
			package = 4CBA87FE25E52E3C00D60B74 /* XCRemoteSwiftPackageReference "PromiseKit" */;
			productName = PromiseKit;
		};
/* End XCSwiftPackageProductDependency section */
	};
	rootObject = 279F92C624B8B33E00349413 /* Project object */;
}
