PODS:
  - PromiseKit (6.13.1):
    - PromiseKit/CorePromise (= 6.13.1)
    - PromiseKit/Foundation (= 6.13.1)
    - PromiseKit/UIKit (= 6.13.1)
  - PromiseKit/CorePromise (6.13.1)
  - PromiseKit/Foundation (6.13.1):
    - PromiseKit/CorePromise
  - PromiseKit/UIKit (6.13.1):
    - PromiseKit/CorePromise
  - UtilsKit (2.0):
    - UtilsKit/Core (= 2.0)
  - UtilsKit/Core (2.0)

DEPENDENCIES:
  - PromiseKit (~> 6.13)
  - UtilsKit (~> 2.0)

SPEC REPOS:
  trunk:
    - PromiseKit
    - UtilsKit

SPEC CHECKSUMS:
  PromiseKit: 28fda91c973cc377875d8c0ea4f973013c05b6db
  UtilsKit: c2fa0ee0ca192b802c0dd18d17ef1cab4e8f9a16

PODFILE CHECKSUM: 0f096994a3539ba678d3fdda9412b11776256f34

COCOAPODS: 1.10.0
